Microsoft Visual Studio Solution File, Format Version 12.00
# Visual Studio Version 17
VisualStudioVersion = 17.5.2.0
MinimumVisualStudioVersion = 10.0.40219.1
Project("{FAE04EC0-301F-11D3-BF4B-00C04F79EFBC}") = "Accuracy", "Accuracy.csproj", "{189476CB-4839-E6FD-F97E-EF1B77DE1D04}"
EndProject
Global
	GlobalSection(SolutionConfigurationPlatforms) = preSolution
		Debug|Any CPU = Debug|Any CPU
		Release|Any CPU = Release|Any CPU
	EndGlobalSection
	GlobalSection(ProjectConfigurationPlatforms) = postSolution
		{189476CB-4839-E6FD-F97E-EF1B77DE1D04}.Debug|Any CPU.ActiveCfg = Debug|Any CPU
		{189476CB-4839-E6FD-F97E-EF1B77DE1D04}.Debug|Any CPU.Build.0 = Debug|Any CPU
		{189476CB-4839-E6FD-F97E-EF1B77DE1D04}.Release|Any CPU.ActiveCfg = Release|Any CPU
		{189476CB-4839-E6FD-F97E-EF1B77DE1D04}.Release|Any CPU.Build.0 = Release|Any CPU
	EndGlobalSection
	GlobalSection(SolutionProperties) = preSolution
		HideSolutionNode = FALSE
	EndGlobalSection
	GlobalSection(ExtensibilityGlobals) = postSolution
		SolutionGuid = {C20E55C1-22D3-4E97-8150-FEE46AF776D7}
	EndGlobalSection
EndGlobal
