Microsoft Visual Studio Solution File, Format Version 12.00
# Visual Studio Version 17
VisualStudioVersion = 17.5.2.0
MinimumVisualStudioVersion = 10.0.40219.1
Project("{FAE04EC0-301F-11D3-BF4B-00C04F79EFBC}") = "AreaRectangle", "AreaRectangle.csproj", "{BCA2EF0D-B38B-E134-9D3D-7E662D9D334F}"
EndProject
Global
	GlobalSection(SolutionConfigurationPlatforms) = preSolution
		Debug|Any CPU = Debug|Any CPU
		Release|Any CPU = Release|Any CPU
	EndGlobalSection
	GlobalSection(ProjectConfigurationPlatforms) = postSolution
		{BCA2EF0D-B38B-E134-9D3D-7E662D9D334F}.Debug|Any CPU.ActiveCfg = Debug|Any CPU
		{BCA2EF0D-B38B-E134-9D3D-7E662D9D334F}.Debug|Any CPU.Build.0 = Debug|Any CPU
		{BCA2EF0D-B38B-E134-9D3D-7E662D9D334F}.Release|Any CPU.ActiveCfg = Release|Any CPU
		{BCA2EF0D-B38B-E134-9D3D-7E662D9D334F}.Release|Any CPU.Build.0 = Release|Any CPU
	EndGlobalSection
	GlobalSection(SolutionProperties) = preSolution
		HideSolutionNode = FALSE
	EndGlobalSection
	GlobalSection(ExtensibilityGlobals) = postSolution
		SolutionGuid = {396E9A52-D011-482F-9348-13EEA33A1EA7}
	EndGlobalSection
EndGlobal
